
Microsoft Visual Studio Solution File, Format Version 12.00
# Visual Studio Version 17
VisualStudioVersion = 17.9.34723.18
MinimumVisualStudioVersion = 10.0.40219.1
Project("{9A19103F-16F7-4668-BE54-9A1E7A4F7556}") = "Expense.API", "Expense.API\Expense.API.csproj", "{42AD24AF-9D20-4685-861A-630D224EF4A2}"
EndProject
Project("{9A19103F-16F7-4668-BE54-9A1E7A4F7556}") = "Expense.Entities", "Expense.Entities\Expense.Entities.csproj", "{51CFBCCD-7AC9-4ABF-9160-C5D2F6CCD7D5}"
EndProject
Project("{9A19103F-16F7-4668-BE54-9A1E7A4F7556}") = "Expense.Repositories", "Expense.Repositories\Expense.Repositories.csproj", "{46B9E002-3DC3-41E1-AFB1-F847E9F87096}"
EndProject
Project("{9A19103F-16F7-4668-BE54-9A1E7A4F7556}") = "Expense.Services", "Expense.Services\Expense.Services.csproj", "{7F6B71ED-A846-40C1-98F4-92BD6B944E56}"
EndProject
Project("{9A19103F-16F7-4668-BE54-9A1E7A4F7556}") = "Expense.DTO", "Expense.DTO\Expense.DTO.csproj", "{57D369EF-F52F-494D-825C-01F1260B32F4}"
EndProject
Project("{9A19103F-16F7-4668-BE54-9A1E7A4F7556}") = "Expense.CommandHandlers", "Expense.CommandHandlers\Expense.CommandHandlers.csproj", "{AD0A09C6-C142-4548-AA9C-09583CF407F4}"
EndProject
Project("{9A19103F-16F7-4668-BE54-9A1E7A4F7556}") = "Expense.QueryHandlers", "Expense.QueryHandlers\Expense.QueryHandlers.csproj", "{03BC466A-E00F-430B-BB79-6FF4B26AD69C}"
EndProject
Project("{9A19103F-16F7-4668-BE54-9A1E7A4F7556}") = "Expense.Commands", "Expense.Commands\Expense.Commands.csproj", "{5212AD06-B359-4AA6-8DCA-AD70C419366E}"
EndProject
Project("{9A19103F-16F7-4668-BE54-9A1E7A4F7556}") = "Expense.Queries", "Expense.Queries\Expense.Queries.csproj", "{A05466D0-277A-4894-A77B-EA7FFB2D227D}"
EndProject
Project("{2150E333-8FDC-42A3-9474-1A3956D46DE8}") = "1.DAL", "1.DAL", "{F39C80D9-F247-4F54-9C6A-40BEBCD9ADDC}"
EndProject
Project("{2150E333-8FDC-42A3-9474-1A3956D46DE8}") = "2.Services", "2.Services", "{A01E8A90-7541-4A41-9F71-91F5BEFB1781}"
EndProject
Project("{2150E333-8FDC-42A3-9474-1A3956D46DE8}") = "3.Handlers", "3.Handlers", "{7A6E94EC-CD77-4237-A884-8150AF80F399}"
EndProject
Project("{2150E333-8FDC-42A3-9474-1A3956D46DE8}") = "4.CommandQuery", "4.CommandQuery", "{9E244AC5-895E-4703-ABC5-9FE6F01C5360}"
EndProject
Project("{2150E333-8FDC-42A3-9474-1A3956D46DE8}") = "5.API", "5.API", "{EF0FD8F6-8482-41A8-ADD9-56751731B964}"
EndProject
Project("{9A19103F-16F7-4668-BE54-9A1E7A4F7556}") = "Expense.Repositories.Interfaces", "Expense.Repositories.Interfaces\Expense.Repositories.Interfaces.csproj", "{79747007-0ECB-49C9-BF3C-061FBFE51F65}"
EndProject
Project("{9A19103F-16F7-4668-BE54-9A1E7A4F7556}") = "Expense.Services.Interfaces", "Expense.Services.Interfaces\Expense.Services.Interfaces.csproj", "{DCE345F3-7B56-4F8E-AB84-A21180DFCDE5}"
EndProject
Project("{2150E333-8FDC-42A3-9474-1A3956D46DE8}") = "0.Common", "0.Common", "{2628D367-375A-4FC4-9B3B-6835A2800BC1}"
EndProject
Project("{9A19103F-16F7-4668-BE54-9A1E7A4F7556}") = "Expense.Common", "Expense.Common\Expense.Common.csproj", "{CA6E5903-DC0B-46A6-A711-B2F4DD7FF98B}"
EndProject
Project("{2150E333-8FDC-42A3-9474-1A3956D46DE8}") = "6.Tests", "6.Tests", "{04D1BD23-D8F5-4709-85A4-6DF2B364072D}"
EndProject
Project("{FAE04EC0-301F-11D3-BF4B-00C04F79EFBC}") = "Expense.Tests", "Expense.Tests\Expense.Tests.csproj", "{6779EB8E-DC4A-49BC-A07A-C91F2673E28D}"
EndProject
Global
	GlobalSection(SolutionConfigurationPlatforms) = preSolution
		Debug|Any CPU = Debug|Any CPU
		Release|Any CPU = Release|Any CPU
	EndGlobalSection
	GlobalSection(ProjectConfigurationPlatforms) = postSolution
		{42AD24AF-9D20-4685-861A-630D224EF4A2}.Debug|Any CPU.ActiveCfg = Debug|Any CPU
		{42AD24AF-9D20-4685-861A-630D224EF4A2}.Debug|Any CPU.Build.0 = Debug|Any CPU
		{42AD24AF-9D20-4685-861A-630D224EF4A2}.Release|Any CPU.ActiveCfg = Release|Any CPU
		{42AD24AF-9D20-4685-861A-630D224EF4A2}.Release|Any CPU.Build.0 = Release|Any CPU
		{51CFBCCD-7AC9-4ABF-9160-C5D2F6CCD7D5}.Debug|Any CPU.ActiveCfg = Debug|Any CPU
		{51CFBCCD-7AC9-4ABF-9160-C5D2F6CCD7D5}.Debug|Any CPU.Build.0 = Debug|Any CPU
		{51CFBCCD-7AC9-4ABF-9160-C5D2F6CCD7D5}.Release|Any CPU.ActiveCfg = Release|Any CPU
		{51CFBCCD-7AC9-4ABF-9160-C5D2F6CCD7D5}.Release|Any CPU.Build.0 = Release|Any CPU
		{46B9E002-3DC3-41E1-AFB1-F847E9F87096}.Debug|Any CPU.ActiveCfg = Debug|Any CPU
		{46B9E002-3DC3-41E1-AFB1-F847E9F87096}.Debug|Any CPU.Build.0 = Debug|Any CPU
		{46B9E002-3DC3-41E1-AFB1-F847E9F87096}.Release|Any CPU.ActiveCfg = Release|Any CPU
		{46B9E002-3DC3-41E1-AFB1-F847E9F87096}.Release|Any CPU.Build.0 = Release|Any CPU
		{7F6B71ED-A846-40C1-98F4-92BD6B944E56}.Debug|Any CPU.ActiveCfg = Debug|Any CPU
		{7F6B71ED-A846-40C1-98F4-92BD6B944E56}.Debug|Any CPU.Build.0 = Debug|Any CPU
		{7F6B71ED-A846-40C1-98F4-92BD6B944E56}.Release|Any CPU.ActiveCfg = Release|Any CPU
		{7F6B71ED-A846-40C1-98F4-92BD6B944E56}.Release|Any CPU.Build.0 = Release|Any CPU
		{57D369EF-F52F-494D-825C-01F1260B32F4}.Debug|Any CPU.ActiveCfg = Debug|Any CPU
		{57D369EF-F52F-494D-825C-01F1260B32F4}.Debug|Any CPU.Build.0 = Debug|Any CPU
		{57D369EF-F52F-494D-825C-01F1260B32F4}.Release|Any CPU.ActiveCfg = Release|Any CPU
		{57D369EF-F52F-494D-825C-01F1260B32F4}.Release|Any CPU.Build.0 = Release|Any CPU
		{AD0A09C6-C142-4548-AA9C-09583CF407F4}.Debug|Any CPU.ActiveCfg = Debug|Any CPU
		{AD0A09C6-C142-4548-AA9C-09583CF407F4}.Debug|Any CPU.Build.0 = Debug|Any CPU
		{AD0A09C6-C142-4548-AA9C-09583CF407F4}.Release|Any CPU.ActiveCfg = Release|Any CPU
		{AD0A09C6-C142-4548-AA9C-09583CF407F4}.Release|Any CPU.Build.0 = Release|Any CPU
		{03BC466A-E00F-430B-BB79-6FF4B26AD69C}.Debug|Any CPU.ActiveCfg = Debug|Any CPU
		{03BC466A-E00F-430B-BB79-6FF4B26AD69C}.Debug|Any CPU.Build.0 = Debug|Any CPU
		{03BC466A-E00F-430B-BB79-6FF4B26AD69C}.Release|Any CPU.ActiveCfg = Release|Any CPU
		{03BC466A-E00F-430B-BB79-6FF4B26AD69C}.Release|Any CPU.Build.0 = Release|Any CPU
		{5212AD06-B359-4AA6-8DCA-AD70C419366E}.Debug|Any CPU.ActiveCfg = Debug|Any CPU
		{5212AD06-B359-4AA6-8DCA-AD70C419366E}.Debug|Any CPU.Build.0 = Debug|Any CPU
		{5212AD06-B359-4AA6-8DCA-AD70C419366E}.Release|Any CPU.ActiveCfg = Release|Any CPU
		{5212AD06-B359-4AA6-8DCA-AD70C419366E}.Release|Any CPU.Build.0 = Release|Any CPU
		{A05466D0-277A-4894-A77B-EA7FFB2D227D}.Debug|Any CPU.ActiveCfg = Debug|Any CPU
		{A05466D0-277A-4894-A77B-EA7FFB2D227D}.Debug|Any CPU.Build.0 = Debug|Any CPU
		{A05466D0-277A-4894-A77B-EA7FFB2D227D}.Release|Any CPU.ActiveCfg = Release|Any CPU
		{A05466D0-277A-4894-A77B-EA7FFB2D227D}.Release|Any CPU.Build.0 = Release|Any CPU
		{79747007-0ECB-49C9-BF3C-061FBFE51F65}.Debug|Any CPU.ActiveCfg = Debug|Any CPU
		{79747007-0ECB-49C9-BF3C-061FBFE51F65}.Debug|Any CPU.Build.0 = Debug|Any CPU
		{79747007-0ECB-49C9-BF3C-061FBFE51F65}.Release|Any CPU.ActiveCfg = Release|Any CPU
		{79747007-0ECB-49C9-BF3C-061FBFE51F65}.Release|Any CPU.Build.0 = Release|Any CPU
		{DCE345F3-7B56-4F8E-AB84-A21180DFCDE5}.Debug|Any CPU.ActiveCfg = Debug|Any CPU
		{DCE345F3-7B56-4F8E-AB84-A21180DFCDE5}.Debug|Any CPU.Build.0 = Debug|Any CPU
		{DCE345F3-7B56-4F8E-AB84-A21180DFCDE5}.Release|Any CPU.ActiveCfg = Release|Any CPU
		{DCE345F3-7B56-4F8E-AB84-A21180DFCDE5}.Release|Any CPU.Build.0 = Release|Any CPU
		{CA6E5903-DC0B-46A6-A711-B2F4DD7FF98B}.Debug|Any CPU.ActiveCfg = Debug|Any CPU
		{CA6E5903-DC0B-46A6-A711-B2F4DD7FF98B}.Debug|Any CPU.Build.0 = Debug|Any CPU
		{CA6E5903-DC0B-46A6-A711-B2F4DD7FF98B}.Release|Any CPU.ActiveCfg = Release|Any CPU
		{CA6E5903-DC0B-46A6-A711-B2F4DD7FF98B}.Release|Any CPU.Build.0 = Release|Any CPU
		{6779EB8E-DC4A-49BC-A07A-C91F2673E28D}.Debug|Any CPU.ActiveCfg = Debug|Any CPU
		{6779EB8E-DC4A-49BC-A07A-C91F2673E28D}.Debug|Any CPU.Build.0 = Debug|Any CPU
		{6779EB8E-DC4A-49BC-A07A-C91F2673E28D}.Release|Any CPU.ActiveCfg = Release|Any CPU
		{6779EB8E-DC4A-49BC-A07A-C91F2673E28D}.Release|Any CPU.Build.0 = Release|Any CPU
	EndGlobalSection
	GlobalSection(SolutionProperties) = preSolution
		HideSolutionNode = FALSE
	EndGlobalSection
	GlobalSection(NestedProjects) = preSolution
		{42AD24AF-9D20-4685-861A-630D224EF4A2} = {EF0FD8F6-8482-41A8-ADD9-56751731B964}
		{51CFBCCD-7AC9-4ABF-9160-C5D2F6CCD7D5} = {F39C80D9-F247-4F54-9C6A-40BEBCD9ADDC}
		{46B9E002-3DC3-41E1-AFB1-F847E9F87096} = {F39C80D9-F247-4F54-9C6A-40BEBCD9ADDC}
		{7F6B71ED-A846-40C1-98F4-92BD6B944E56} = {A01E8A90-7541-4A41-9F71-91F5BEFB1781}
		{57D369EF-F52F-494D-825C-01F1260B32F4} = {A01E8A90-7541-4A41-9F71-91F5BEFB1781}
		{AD0A09C6-C142-4548-AA9C-09583CF407F4} = {7A6E94EC-CD77-4237-A884-8150AF80F399}
		{03BC466A-E00F-430B-BB79-6FF4B26AD69C} = {7A6E94EC-CD77-4237-A884-8150AF80F399}
		{5212AD06-B359-4AA6-8DCA-AD70C419366E} = {9E244AC5-895E-4703-ABC5-9FE6F01C5360}
		{A05466D0-277A-4894-A77B-EA7FFB2D227D} = {9E244AC5-895E-4703-ABC5-9FE6F01C5360}
		{79747007-0ECB-49C9-BF3C-061FBFE51F65} = {F39C80D9-F247-4F54-9C6A-40BEBCD9ADDC}
		{DCE345F3-7B56-4F8E-AB84-A21180DFCDE5} = {A01E8A90-7541-4A41-9F71-91F5BEFB1781}
		{CA6E5903-DC0B-46A6-A711-B2F4DD7FF98B} = {2628D367-375A-4FC4-9B3B-6835A2800BC1}
		{6779EB8E-DC4A-49BC-A07A-C91F2673E28D} = {04D1BD23-D8F5-4709-85A4-6DF2B364072D}
	EndGlobalSection
	GlobalSection(ExtensibilityGlobals) = postSolution
		SolutionGuid = {C195EB69-5DBF-4BE8-B1E4-4DF1205067A8}
	EndGlobalSection
EndGlobal
